
Microsoft Visual Studio Solution File, Format Version 12.00
# Visual Studio Version 16
VisualStudioVersion = 16.0.31624.102
MinimumVisualStudioVersion = 10.0.40219.1
Project("{9A19103F-16F7-4668-BE54-9A1E7A4F7556}") = "DataAccess", "DataAccess\DataAccess.csproj", "{1D91F3A8-6DD5-42E7-9C65-77D544BDEF15}"
EndProject
Project("{9A19103F-16F7-4668-BE54-9A1E7A4F7556}") = "Business", "Business\Business.csproj", "{ABCCAEAE-BF63-42AE-A648-7AAD15031A04}"
EndProject
Project("{9A19103F-16F7-4668-BE54-9A1E7A4F7556}") = "Entities", "Entities\Entities.csproj", "{621E4A36-B0F4-49D1-B576-11F06141BD95}"
EndProject
Project("{9A19103F-16F7-4668-BE54-9A1E7A4F7556}") = "ConsoleUI", "ConsoleUI\ConsoleUI.csproj", "{86380D15-BE00-4854-BD86-BF1F4E460A3E}"
EndProject
Project("{FAE04EC0-301F-11D3-BF4B-00C04F79EFBC}") = "Core", "Core\Core.csproj", "{4C0742E4-1B4C-4EE3-A719-F55FEE713004}"
EndProject
Global
	GlobalSection(SolutionConfigurationPlatforms) = preSolution
		Debug|Any CPU = Debug|Any CPU
		Release|Any CPU = Release|Any CPU
	EndGlobalSection
	GlobalSection(ProjectConfigurationPlatforms) = postSolution
		{1D91F3A8-6DD5-42E7-9C65-77D544BDEF15}.Debug|Any CPU.ActiveCfg = Debug|Any CPU
		{1D91F3A8-6DD5-42E7-9C65-77D544BDEF15}.Debug|Any CPU.Build.0 = Debug|Any CPU
		{1D91F3A8-6DD5-42E7-9C65-77D544BDEF15}.Release|Any CPU.ActiveCfg = Release|Any CPU
		{1D91F3A8-6DD5-42E7-9C65-77D544BDEF15}.Release|Any CPU.Build.0 = Release|Any CPU
		{ABCCAEAE-BF63-42AE-A648-7AAD15031A04}.Debug|Any CPU.ActiveCfg = Debug|Any CPU
		{ABCCAEAE-BF63-42AE-A648-7AAD15031A04}.Debug|Any CPU.Build.0 = Debug|Any CPU
		{ABCCAEAE-BF63-42AE-A648-7AAD15031A04}.Release|Any CPU.ActiveCfg = Release|Any CPU
		{ABCCAEAE-BF63-42AE-A648-7AAD15031A04}.Release|Any CPU.Build.0 = Release|Any CPU
		{621E4A36-B0F4-49D1-B576-11F06141BD95}.Debug|Any CPU.ActiveCfg = Debug|Any CPU
		{621E4A36-B0F4-49D1-B576-11F06141BD95}.Debug|Any CPU.Build.0 = Debug|Any CPU
		{621E4A36-B0F4-49D1-B576-11F06141BD95}.Release|Any CPU.ActiveCfg = Release|Any CPU
		{621E4A36-B0F4-49D1-B576-11F06141BD95}.Release|Any CPU.Build.0 = Release|Any CPU
		{86380D15-BE00-4854-BD86-BF1F4E460A3E}.Debug|Any CPU.ActiveCfg = Debug|Any CPU
		{86380D15-BE00-4854-BD86-BF1F4E460A3E}.Debug|Any CPU.Build.0 = Debug|Any CPU
		{86380D15-BE00-4854-BD86-BF1F4E460A3E}.Release|Any CPU.ActiveCfg = Release|Any CPU
		{86380D15-BE00-4854-BD86-BF1F4E460A3E}.Release|Any CPU.Build.0 = Release|Any CPU
		{4C0742E4-1B4C-4EE3-A719-F55FEE713004}.Debug|Any CPU.ActiveCfg = Debug|Any CPU
		{4C0742E4-1B4C-4EE3-A719-F55FEE713004}.Debug|Any CPU.Build.0 = Debug|Any CPU
		{4C0742E4-1B4C-4EE3-A719-F55FEE713004}.Release|Any CPU.ActiveCfg = Release|Any CPU
		{4C0742E4-1B4C-4EE3-A719-F55FEE713004}.Release|Any CPU.Build.0 = Release|Any CPU
	EndGlobalSection
	GlobalSection(SolutionProperties) = preSolution
		HideSolutionNode = FALSE
	EndGlobalSection
	GlobalSection(ExtensibilityGlobals) = postSolution
		SolutionGuid = {B385014F-A484-49D1-94FA-4268455F249C}
	EndGlobalSection
EndGlobal
